
Microsoft Visual Studio Solution File, Format Version 12.00
# Visual Studio Version 17
VisualStudioVersion = 17.2.32519.379
MinimumVisualStudioVersion = 10.0.40219.1
Project("{9A19103F-16F7-4668-BE54-9A1E7A4F7556}") = "AZ_AD_graph_api", "AZ_AD_graph_api\AZ_AD_graph_api.csproj", "{19572589-8729-448F-94B8-6EAB7D056B48}"
EndProject
Project("{9A19103F-16F7-4668-BE54-9A1E7A4F7556}") = "Az-Ad-login", "Az-Ad-login\Az-Ad-login.csproj", "{CE440AB0-163A-4D37-8E83-77362043338B}"
EndProject
Project("{9A19103F-16F7-4668-BE54-9A1E7A4F7556}") = "Az_Web_app", "Az_Web_app\Az_Web_app.csproj", "{0C1413F7-05F9-4EBC-B194-B3FB5E72C347}"
EndProject
Project("{2150E333-8FDC-42A3-9474-1A3956D46DE8}") = "Storage", "Storage", "{B2B40EA9-EBEA-485F-841A-E200866C9350}"
EndProject
Project("{9A19103F-16F7-4668-BE54-9A1E7A4F7556}") = "AzureStorageRead", "AzureStorageRead\AzureStorageRead.csproj", "{379B884F-AEFD-429D-BDDC-0D20A631B5DE}"
EndProject
Project("{2150E333-8FDC-42A3-9474-1A3956D46DE8}") = "queuing", "queuing", "{3B2C6486-0852-4635-902F-BDD81E0A3F5A}"
EndProject
Project("{9A19103F-16F7-4668-BE54-9A1E7A4F7556}") = "Messaging", "Messaging\Messaging.csproj", "{B7D47ED9-6732-43F8-BADD-A26ED10FFB3F}"
EndProject
Project("{FAE04EC0-301F-11D3-BF4B-00C04F79EFBC}") = "5.0", "5.0\5.0.csproj", "{0D3D08F0-4D40-448A-B3EA-32FCD5A09A73}"
EndProject
Global
	GlobalSection(SolutionConfigurationPlatforms) = preSolution
		Debug|Any CPU = Debug|Any CPU
		Release|Any CPU = Release|Any CPU
	EndGlobalSection
	GlobalSection(ProjectConfigurationPlatforms) = postSolution
		{19572589-8729-448F-94B8-6EAB7D056B48}.Debug|Any CPU.ActiveCfg = Debug|Any CPU
		{19572589-8729-448F-94B8-6EAB7D056B48}.Debug|Any CPU.Build.0 = Debug|Any CPU
		{19572589-8729-448F-94B8-6EAB7D056B48}.Release|Any CPU.ActiveCfg = Release|Any CPU
		{19572589-8729-448F-94B8-6EAB7D056B48}.Release|Any CPU.Build.0 = Release|Any CPU
		{CE440AB0-163A-4D37-8E83-77362043338B}.Debug|Any CPU.ActiveCfg = Debug|Any CPU
		{CE440AB0-163A-4D37-8E83-77362043338B}.Debug|Any CPU.Build.0 = Debug|Any CPU
		{CE440AB0-163A-4D37-8E83-77362043338B}.Release|Any CPU.ActiveCfg = Release|Any CPU
		{CE440AB0-163A-4D37-8E83-77362043338B}.Release|Any CPU.Build.0 = Release|Any CPU
		{0C1413F7-05F9-4EBC-B194-B3FB5E72C347}.Debug|Any CPU.ActiveCfg = Debug|Any CPU
		{0C1413F7-05F9-4EBC-B194-B3FB5E72C347}.Debug|Any CPU.Build.0 = Debug|Any CPU
		{0C1413F7-05F9-4EBC-B194-B3FB5E72C347}.Release|Any CPU.ActiveCfg = Release|Any CPU
		{0C1413F7-05F9-4EBC-B194-B3FB5E72C347}.Release|Any CPU.Build.0 = Release|Any CPU
		{379B884F-AEFD-429D-BDDC-0D20A631B5DE}.Debug|Any CPU.ActiveCfg = Debug|Any CPU
		{379B884F-AEFD-429D-BDDC-0D20A631B5DE}.Debug|Any CPU.Build.0 = Debug|Any CPU
		{379B884F-AEFD-429D-BDDC-0D20A631B5DE}.Release|Any CPU.ActiveCfg = Release|Any CPU
		{379B884F-AEFD-429D-BDDC-0D20A631B5DE}.Release|Any CPU.Build.0 = Release|Any CPU
		{B7D47ED9-6732-43F8-BADD-A26ED10FFB3F}.Debug|Any CPU.ActiveCfg = Debug|Any CPU
		{B7D47ED9-6732-43F8-BADD-A26ED10FFB3F}.Debug|Any CPU.Build.0 = Debug|Any CPU
		{B7D47ED9-6732-43F8-BADD-A26ED10FFB3F}.Release|Any CPU.ActiveCfg = Release|Any CPU
		{B7D47ED9-6732-43F8-BADD-A26ED10FFB3F}.Release|Any CPU.Build.0 = Release|Any CPU
		{0D3D08F0-4D40-448A-B3EA-32FCD5A09A73}.Debug|Any CPU.ActiveCfg = Debug|Any CPU
		{0D3D08F0-4D40-448A-B3EA-32FCD5A09A73}.Debug|Any CPU.Build.0 = Debug|Any CPU
		{0D3D08F0-4D40-448A-B3EA-32FCD5A09A73}.Release|Any CPU.ActiveCfg = Release|Any CPU
		{0D3D08F0-4D40-448A-B3EA-32FCD5A09A73}.Release|Any CPU.Build.0 = Release|Any CPU
	EndGlobalSection
	GlobalSection(SolutionProperties) = preSolution
		HideSolutionNode = FALSE
	EndGlobalSection
	GlobalSection(NestedProjects) = preSolution
		{379B884F-AEFD-429D-BDDC-0D20A631B5DE} = {B2B40EA9-EBEA-485F-841A-E200866C9350}
		{B7D47ED9-6732-43F8-BADD-A26ED10FFB3F} = {3B2C6486-0852-4635-902F-BDD81E0A3F5A}
	EndGlobalSection
	GlobalSection(ExtensibilityGlobals) = postSolution
		SolutionGuid = {D9A7B771-72D2-4870-B997-CEE709CE4D96}
	EndGlobalSection
EndGlobal
